// !$*UTF8*$!
{
	archiveVersion = 1;
	classes = {
	};
	objectVersion = 55;
	objects = {

/* Begin PBXBuildFile section */
		6853AAFE274B3D47007ED148 /* AppDelegate.swift in Sources */ = {isa = PBXBuildFile; fileRef = 6853AAFD274B3D47007ED148 /* AppDelegate.swift */; };
		6853AB00274B3D47007ED148 /* SceneDelegate.swift in Sources */ = {isa = PBXBuildFile; fileRef = 6853AAFF274B3D47007ED148 /* SceneDelegate.swift */; };
		6853AB02274B3D47007ED148 /* ViewController.swift in Sources */ = {isa = PBXBuildFile; fileRef = 6853AB01274B3D47007ED148 /* ViewController.swift */; };
		6853AB05274B3D47007ED148 /* Main.storyboard in Resources */ = {isa = PBXBuildFile; fileRef = 6853AB03274B3D47007ED148 /* Main.storyboard */; };
		6853AB07274B3D49007ED148 /* Assets.xcassets in Resources */ = {isa = PBXBuildFile; fileRef = 6853AB06274B3D49007ED148 /* Assets.xcassets */; };
		6853AB0A274B3D49007ED148 /* LaunchScreen.storyboard in Resources */ = {isa = PBXBuildFile; fileRef = 6853AB08274B3D49007ED148 /* LaunchScreen.storyboard */; };
		6853AB12274B3D89007ED148 /* HomeViewController.swift in Sources */ = {isa = PBXBuildFile; fileRef = 6853AB11274B3D89007ED148 /* HomeViewController.swift */; };
		6853AB14274B3E1D007ED148 /* FavoriteViewController.swift in Sources */ = {isa = PBXBuildFile; fileRef = 6853AB13274B3E1D007ED148 /* FavoriteViewController.swift */; };
		6853AB18274B3ED7007ED148 /* Home.storyboard in Resources */ = {isa = PBXBuildFile; fileRef = 6853AB17274B3ED7007ED148 /* Home.storyboard */; };
		6853AB1A274B3EE8007ED148 /* Favorite.storyboard in Resources */ = {isa = PBXBuildFile; fileRef = 6853AB19274B3EE8007ED148 /* Favorite.storyboard */; };
		6853AB1C274B3F16007ED148 /* MyPage.storyboard in Resources */ = {isa = PBXBuildFile; fileRef = 6853AB1B274B3F16007ED148 /* MyPage.storyboard */; };
		6853AB1E274B3F27007ED148 /* MyPageViewController.swift in Sources */ = {isa = PBXBuildFile; fileRef = 6853AB1D274B3F27007ED148 /* MyPageViewController.swift */; };
		6853AB20274B40F1007ED148 /* NoteViewController.swift in Sources */ = {isa = PBXBuildFile; fileRef = 6853AB1F274B40F1007ED148 /* NoteViewController.swift */; };
		6853AB22274B410C007ED148 /* Note.storyboard in Resources */ = {isa = PBXBuildFile; fileRef = 6853AB21274B410C007ED148 /* Note.storyboard */; };
		6853AB24274B4A3B007ED148 /* FavoriteTableViewCell.swift in Sources */ = {isa = PBXBuildFile; fileRef = 6853AB23274B4A3B007ED148 /* FavoriteTableViewCell.swift */; };
		6853AB27274B4B2D007ED148 /* Realm in Frameworks */ = {isa = PBXBuildFile; productRef = 6853AB26274B4B2D007ED148 /* Realm */; };
		6853AB29274B4B2D007ED148 /* RealmSwift in Frameworks */ = {isa = PBXBuildFile; productRef = 6853AB28274B4B2D007ED148 /* RealmSwift */; };
		6853AB2B274B4F7F007ED148 /* SearchViewController.swift in Sources */ = {isa = PBXBuildFile; fileRef = 6853AB2A274B4F7F007ED148 /* SearchViewController.swift */; };
		6853AB2D274B4F96007ED148 /* Search.storyboard in Resources */ = {isa = PBXBuildFile; fileRef = 6853AB2C274B4F96007ED148 /* Search.storyboard */; };
		6853AB2F274B812D007ED148 /* SearchTableViewCell.swift in Sources */ = {isa = PBXBuildFile; fileRef = 6853AB2E274B812D007ED148 /* SearchTableViewCell.swift */; };
		6853AB32274B8F40007ED148 /* Alamofire in Frameworks */ = {isa = PBXBuildFile; productRef = 6853AB31274B8F40007ED148 /* Alamofire */; };
		6853AB36274B9019007ED148 /* Kingfisher in Frameworks */ = {isa = PBXBuildFile; productRef = 6853AB35274B9019007ED148 /* Kingfisher */; };
/* End PBXBuildFile section */

/* Begin PBXFileReference section */
		6853AAFA274B3D47007ED148 /* MyBookReportApp.app */ = {isa = PBXFileReference; explicitFileType = wrapper.application; includeInIndex = 0; path = MyBookReportApp.app; sourceTree = BUILT_PRODUCTS_DIR; };
		6853AAFD274B3D47007ED148 /* AppDelegate.swift */ = {isa = PBXFileReference; lastKnownFileType = sourcecode.swift; path = AppDelegate.swift; sourceTree = "<group>"; };
		6853AAFF274B3D47007ED148 /* SceneDelegate.swift */ = {isa = PBXFileReference; lastKnownFileType = sourcecode.swift; path = SceneDelegate.swift; sourceTree = "<group>"; };
		6853AB01274B3D47007ED148 /* ViewController.swift */ = {isa = PBXFileReference; lastKnownFileType = sourcecode.swift; path = ViewController.swift; sourceTree = "<group>"; };
		6853AB04274B3D47007ED148 /* Base */ = {isa = PBXFileReference; lastKnownFileType = file.storyboard; name = Base; path = Base.lproj/Main.storyboard; sourceTree = "<group>"; };
		6853AB06274B3D49007ED148 /* Assets.xcassets */ = {isa = PBXFileReference; lastKnownFileType = folder.assetcatalog; path = Assets.xcassets; sourceTree = "<group>"; };
		6853AB09274B3D49007ED148 /* Base */ = {isa = PBXFileReference; lastKnownFileType = file.storyboard; name = Base; path = Base.lproj/LaunchScreen.storyboard; sourceTree = "<group>"; };
		6853AB0B274B3D49007ED148 /* Info.plist */ = {isa = PBXFileReference; lastKnownFileType = text.plist.xml; path = Info.plist; sourceTree = "<group>"; };
		6853AB11274B3D89007ED148 /* HomeViewController.swift */ = {isa = PBXFileReference; lastKnownFileType = sourcecode.swift; path = HomeViewController.swift; sourceTree = "<group>"; };
		6853AB13274B3E1D007ED148 /* FavoriteViewController.swift */ = {isa = PBXFileReference; lastKnownFileType = sourcecode.swift; path = FavoriteViewController.swift; sourceTree = "<group>"; };
		6853AB17274B3ED7007ED148 /* Home.storyboard */ = {isa = PBXFileReference; lastKnownFileType = file.storyboard; path = Home.storyboard; sourceTree = "<group>"; };
		6853AB19274B3EE8007ED148 /* Favorite.storyboard */ = {isa = PBXFileReference; lastKnownFileType = file.storyboard; path = Favorite.storyboard; sourceTree = "<group>"; };
		6853AB1B274B3F16007ED148 /* MyPage.storyboard */ = {isa = PBXFileReference; lastKnownFileType = file.storyboard; path = MyPage.storyboard; sourceTree = "<group>"; };
		6853AB1D274B3F27007ED148 /* MyPageViewController.swift */ = {isa = PBXFileReference; lastKnownFileType = sourcecode.swift; path = MyPageViewController.swift; sourceTree = "<group>"; };
		6853AB1F274B40F1007ED148 /* NoteViewController.swift */ = {isa = PBXFileReference; lastKnownFileType = sourcecode.swift; path = NoteViewController.swift; sourceTree = "<group>"; };
		6853AB21274B410C007ED148 /* Note.storyboard */ = {isa = PBXFileReference; lastKnownFileType = file.storyboard; path = Note.storyboard; sourceTree = "<group>"; };
		6853AB23274B4A3B007ED148 /* FavoriteTableViewCell.swift */ = {isa = PBXFileReference; lastKnownFileType = sourcecode.swift; path = FavoriteTableViewCell.swift; sourceTree = "<group>"; };
		6853AB2A274B4F7F007ED148 /* SearchViewController.swift */ = {isa = PBXFileReference; lastKnownFileType = sourcecode.swift; path = SearchViewController.swift; sourceTree = "<group>"; };
		6853AB2C274B4F96007ED148 /* Search.storyboard */ = {isa = PBXFileReference; lastKnownFileType = file.storyboard; path = Search.storyboard; sourceTree = "<group>"; };
		6853AB2E274B812D007ED148 /* SearchTableViewCell.swift */ = {isa = PBXFileReference; lastKnownFileType = sourcecode.swift; path = SearchTableViewCell.swift; sourceTree = "<group>"; };
/* End PBXFileReference section */

/* Begin PBXFrameworksBuildPhase section */
		6853AAF7274B3D47007ED148 /* Frameworks */ = {
			isa = PBXFrameworksBuildPhase;
			buildActionMask = 2147483647;
			files = (
				6853AB36274B9019007ED148 /* Kingfisher in Frameworks */,
				6853AB32274B8F40007ED148 /* Alamofire in Frameworks */,
				6853AB29274B4B2D007ED148 /* RealmSwift in Frameworks */,
				6853AB27274B4B2D007ED148 /* Realm in Frameworks */,
			);
			runOnlyForDeploymentPostprocessing = 0;
		};
/* End PBXFrameworksBuildPhase section */

/* Begin PBXGroup section */
		6853AAF1274B3D47007ED148 = {
			isa = PBXGroup;
			children = (
				6853AAFC274B3D47007ED148 /* MyBookReportApp */,
				6853AAFB274B3D47007ED148 /* Products */,
			);
			sourceTree = "<group>";
		};
		6853AAFB274B3D47007ED148 /* Products */ = {
			isa = PBXGroup;
			children = (
				6853AAFA274B3D47007ED148 /* MyBookReportApp.app */,
			);
			name = Products;
			sourceTree = "<group>";
		};
		6853AAFC274B3D47007ED148 /* MyBookReportApp */ = {
			isa = PBXGroup;
			children = (
				6853AB15274B3E2F007ED148 /* ViewController */,
				6853AB16274B3EBB007ED148 /* StoryBoard */,
				6853AAFD274B3D47007ED148 /* AppDelegate.swift */,
				6853AAFF274B3D47007ED148 /* SceneDelegate.swift */,
				6853AB01274B3D47007ED148 /* ViewController.swift */,
				6853AB03274B3D47007ED148 /* Main.storyboard */,
				6853AB06274B3D49007ED148 /* Assets.xcassets */,
				6853AB08274B3D49007ED148 /* LaunchScreen.storyboard */,
				6853AB0B274B3D49007ED148 /* Info.plist */,
			);
			path = MyBookReportApp;
			sourceTree = "<group>";
		};
		6853AB15274B3E2F007ED148 /* ViewController */ = {
			isa = PBXGroup;
			children = (
				6853AB11274B3D89007ED148 /* HomeViewController.swift */,
				6853AB13274B3E1D007ED148 /* FavoriteViewController.swift */,
				6853AB23274B4A3B007ED148 /* FavoriteTableViewCell.swift */,
				6853AB1F274B40F1007ED148 /* NoteViewController.swift */,
				6853AB1D274B3F27007ED148 /* MyPageViewController.swift */,
				6853AB2A274B4F7F007ED148 /* SearchViewController.swift */,
				6853AB2E274B812D007ED148 /* SearchTableViewCell.swift */,
			);
			path = ViewController;
			sourceTree = "<group>";
		};
		6853AB16274B3EBB007ED148 /* StoryBoard */ = {
			isa = PBXGroup;
			children = (
				6853AB17274B3ED7007ED148 /* Home.storyboard */,
				6853AB19274B3EE8007ED148 /* Favorite.storyboard */,
				6853AB21274B410C007ED148 /* Note.storyboard */,
				6853AB1B274B3F16007ED148 /* MyPage.storyboard */,
				6853AB2C274B4F96007ED148 /* Search.storyboard */,
			);
			path = StoryBoard;
			sourceTree = "<group>";
		};
/* End PBXGroup section */

/* Begin PBXNativeTarget section */
		6853AAF9274B3D47007ED148 /* MyBookReportApp */ = {
			isa = PBXNativeTarget;
			buildConfigurationList = 6853AB0E274B3D49007ED148 /* Build configuration list for PBXNativeTarget "MyBookReportApp" */;
			buildPhases = (
				6853AAF6274B3D47007ED148 /* Sources */,
				6853AAF7274B3D47007ED148 /* Frameworks */,
				6853AAF8274B3D47007ED148 /* Resources */,
			);
			buildRules = (
			);
			dependencies = (
			);
			name = MyBookReportApp;
			packageProductDependencies = (
				6853AB26274B4B2D007ED148 /* Realm */,
				6853AB28274B4B2D007ED148 /* RealmSwift */,
				6853AB31274B8F40007ED148 /* Alamofire */,
				6853AB35274B9019007ED148 /* Kingfisher */,
			);
			productName = MyBookReportApp;
			productReference = 6853AAFA274B3D47007ED148 /* MyBookReportApp.app */;
			productType = "com.apple.product-type.application";
		};
/* End PBXNativeTarget section */

/* Begin PBXProject section */
		6853AAF2274B3D47007ED148 /* Project object */ = {
			isa = PBXProject;
			attributes = {
				BuildIndependentTargetsInParallel = 1;
				LastSwiftUpdateCheck = 1300;
				LastUpgradeCheck = 1300;
				TargetAttributes = {
					6853AAF9274B3D47007ED148 = {
						CreatedOnToolsVersion = 13.0;
					};
				};
			};
			buildConfigurationList = 6853AAF5274B3D47007ED148 /* Build configuration list for PBXProject "MyBookReportApp" */;
			compatibilityVersion = "Xcode 13.0";
			developmentRegion = en;
			hasScannedForEncodings = 0;
			knownRegions = (
				en,
				Base,
			);
			mainGroup = 6853AAF1274B3D47007ED148;
			packageReferences = (
				6853AB25274B4B2D007ED148 /* XCRemoteSwiftPackageReference "realm-cocoa" */,
				6853AB30274B8F40007ED148 /* XCRemoteSwiftPackageReference "Alamofire" */,
				6853AB33274B8FD1007ED148 /* XCRemoteSwiftPackageReference "SwiftyJSON" */,
				6853AB34274B9019007ED148 /* XCRemoteSwiftPackageReference "Kingfisher" */,
			);
			productRefGroup = 6853AAFB274B3D47007ED148 /* Products */;
			projectDirPath = "";
			projectRoot = "";
			targets = (
				6853AAF9274B3D47007ED148 /* MyBookReportApp */,
			);
		};
/* End PBXProject section */

/* Begin PBXResourcesBuildPhase section */
		6853AAF8274B3D47007ED148 /* Resources */ = {
			isa = PBXResourcesBuildPhase;
			buildActionMask = 2147483647;
			files = (
				6853AB22274B410C007ED148 /* Note.storyboard in Resources */,
				6853AB0A274B3D49007ED148 /* LaunchScreen.storyboard in Resources */,
				6853AB1C274B3F16007ED148 /* MyPage.storyboard in Resources */,
				6853AB07274B3D49007ED148 /* Assets.xcassets in Resources */,
				6853AB05274B3D47007ED148 /* Main.storyboard in Resources */,
				6853AB1A274B3EE8007ED148 /* Favorite.storyboard in Resources */,
				6853AB2D274B4F96007ED148 /* Search.storyboard in Resources */,
				6853AB18274B3ED7007ED148 /* Home.storyboard in Resources */,
			);
			runOnlyForDeploymentPostprocessing = 0;
		};
/* End PBXResourcesBuildPhase section */

/* Begin PBXSourcesBuildPhase section */
		6853AAF6274B3D47007ED148 /* Sources */ = {
			isa = PBXSourcesBuildPhase;
			buildActionMask = 2147483647;
			files = (
				6853AB20274B40F1007ED148 /* NoteViewController.swift in Sources */,
				6853AB24274B4A3B007ED148 /* FavoriteTableViewCell.swift in Sources */,
				6853AB02274B3D47007ED148 /* ViewController.swift in Sources */,
				6853AB2B274B4F7F007ED148 /* SearchViewController.swift in Sources */,
				6853AB1E274B3F27007ED148 /* MyPageViewController.swift in Sources */,
				6853AAFE274B3D47007ED148 /* AppDelegate.swift in Sources */,
				6853AB00274B3D47007ED148 /* SceneDelegate.swift in Sources */,
				6853AB12274B3D89007ED148 /* HomeViewController.swift in Sources */,
				6853AB14274B3E1D007ED148 /* FavoriteViewController.swift in Sources */,
				6853AB2F274B812D007ED148 /* SearchTableViewCell.swift in Sources */,
			);
			runOnlyForDeploymentPostprocessing = 0;
		};
/* End PBXSourcesBuildPhase section */

/* Begin PBXVariantGroup section */
		6853AB03274B3D47007ED148 /* Main.storyboard */ = {
			isa = PBXVariantGroup;
			children = (
				6853AB04274B3D47007ED148 /* Base */,
			);
			name = Main.storyboard;
			sourceTree = "<group>";
		};
		6853AB08274B3D49007ED148 /* LaunchScreen.storyboard */ = {
			isa = PBXVariantGroup;
			children = (
				6853AB09274B3D49007ED148 /* Base */,
			);
			name = LaunchScreen.storyboard;
			sourceTree = "<group>";
		};
/* End PBXVariantGroup section */

/* Begin XCBuildConfiguration section */
		6853AB0C274B3D49007ED148 /* Debug */ = {
			isa = XCBuildConfiguration;
			buildSettings = {
				ALWAYS_SEARCH_USER_PATHS = NO;
				CLANG_ANALYZER_NONNULL = YES;
				CLANG_ANALYZER_NUMBER_OBJECT_CONVERSION = YES_AGGRESSIVE;
				CLANG_CXX_LANGUAGE_STANDARD = "gnu++17";
				CLANG_CXX_LIBRARY = "libc++";
				CLANG_ENABLE_MODULES = YES;
				CLANG_ENABLE_OBJC_ARC = YES;
				CLANG_ENABLE_OBJC_WEAK = YES;
				CLANG_WARN_BLOCK_CAPTURE_AUTORELEASING = YES;
				CLANG_WARN_BOOL_CONVERSION = YES;
				CLANG_WARN_COMMA = YES;
				CLANG_WARN_CONSTANT_CONVERSION = YES;
				CLANG_WARN_DEPRECATED_OBJC_IMPLEMENTATIONS = YES;
				CLANG_WARN_DIRECT_OBJC_ISA_USAGE = YES_ERROR;
				CLANG_WARN_DOCUMENTATION_COMMENTS = YES;
				CLANG_WARN_EMPTY_BODY = YES;
				CLANG_WARN_ENUM_CONVERSION = YES;
				CLANG_WARN_INFINITE_RECURSION = YES;
				CLANG_WARN_INT_CONVERSION = YES;
				CLANG_WARN_NON_LITERAL_NULL_CONVERSION = YES;
				CLANG_WARN_OBJC_IMPLICIT_RETAIN_SELF = YES;
				CLANG_WARN_OBJC_LITERAL_CONVERSION = YES;
				CLANG_WARN_OBJC_ROOT_CLASS = YES_ERROR;
				CLANG_WARN_QUOTED_INCLUDE_IN_FRAMEWORK_HEADER = YES;
				CLANG_WARN_RANGE_LOOP_ANALYSIS = YES;
				CLANG_WARN_STRICT_PROTOTYPES = YES;
				CLANG_WARN_SUSPICIOUS_MOVE = YES;
				CLANG_WARN_UNGUARDED_AVAILABILITY = YES_AGGRESSIVE;
				CLANG_WARN_UNREACHABLE_CODE = YES;
				CLANG_WARN__DUPLICATE_METHOD_MATCH = YES;
				COPY_PHASE_STRIP = NO;
				DEBUG_INFORMATION_FORMAT = dwarf;
				ENABLE_STRICT_OBJC_MSGSEND = YES;
				ENABLE_TESTABILITY = YES;
				GCC_C_LANGUAGE_STANDARD = gnu11;
				GCC_DYNAMIC_NO_PIC = NO;
				GCC_NO_COMMON_BLOCKS = YES;
				GCC_OPTIMIZATION_LEVEL = 0;
				GCC_PREPROCESSOR_DEFINITIONS = (
					"DEBUG=1",
					"$(inherited)",
				);
				GCC_WARN_64_TO_32_BIT_CONVERSION = YES;
				GCC_WARN_ABOUT_RETURN_TYPE = YES_ERROR;
				GCC_WARN_UNDECLARED_SELECTOR = YES;
				GCC_WARN_UNINITIALIZED_AUTOS = YES_AGGRESSIVE;
				GCC_WARN_UNUSED_FUNCTION = YES;
				GCC_WARN_UNUSED_VARIABLE = YES;
				IPHONEOS_DEPLOYMENT_TARGET = 15.0;
				MTL_ENABLE_DEBUG_INFO = INCLUDE_SOURCE;
				MTL_FAST_MATH = YES;
				ONLY_ACTIVE_ARCH = YES;
				SDKROOT = iphoneos;
				SWIFT_ACTIVE_COMPILATION_CONDITIONS = DEBUG;
				SWIFT_OPTIMIZATION_LEVEL = "-Onone";
			};
			name = Debug;
		};
		6853AB0D274B3D49007ED148 /* Release */ = {
			isa = XCBuildConfiguration;
			buildSettings = {
				ALWAYS_SEARCH_USER_PATHS = NO;
				CLANG_ANALYZER_NONNULL = YES;
				CLANG_ANALYZER_NUMBER_OBJECT_CONVERSION = YES_AGGRESSIVE;
				CLANG_CXX_LANGUAGE_STANDARD = "gnu++17";
				CLANG_CXX_LIBRARY = "libc++";
				CLANG_ENABLE_MODULES = YES;
				CLANG_ENABLE_OBJC_ARC = YES;
				CLANG_ENABLE_OBJC_WEAK = YES;
				CLANG_WARN_BLOCK_CAPTURE_AUTORELEASING = YES;
				CLANG_WARN_BOOL_CONVERSION = YES;
				CLANG_WARN_COMMA = YES;
				CLANG_WARN_CONSTANT_CONVERSION = YES;
				CLANG_WARN_DEPRECATED_OBJC_IMPLEMENTATIONS = YES;
				CLANG_WARN_DIRECT_OBJC_ISA_USAGE = YES_ERROR;
				CLANG_WARN_DOCUMENTATION_COMMENTS = YES;
				CLANG_WARN_EMPTY_BODY = YES;
				CLANG_WARN_ENUM_CONVERSION = YES;
				CLANG_WARN_INFINITE_RECURSION = YES;
				CLANG_WARN_INT_CONVERSION = YES;
				CLANG_WARN_NON_LITERAL_NULL_CONVERSION = YES;
				CLANG_WARN_OBJC_IMPLICIT_RETAIN_SELF = YES;
				CLANG_WARN_OBJC_LITERAL_CONVERSION = YES;
				CLANG_WARN_OBJC_ROOT_CLASS = YES_ERROR;
				CLANG_WARN_QUOTED_INCLUDE_IN_FRAMEWORK_HEADER = YES;
				CLANG_WARN_RANGE_LOOP_ANALYSIS = YES;
				CLANG_WARN_STRICT_PROTOTYPES = YES;
				CLANG_WARN_SUSPICIOUS_MOVE = YES;
				CLANG_WARN_UNGUARDED_AVAILABILITY = YES_AGGRESSIVE;
				CLANG_WARN_UNREACHABLE_CODE = YES;
				CLANG_WARN__DUPLICATE_METHOD_MATCH = YES;
				COPY_PHASE_STRIP = NO;
				DEBUG_INFORMATION_FORMAT = "dwarf-with-dsym";
				ENABLE_NS_ASSERTIONS = NO;
				ENABLE_STRICT_OBJC_MSGSEND = YES;
				GCC_C_LANGUAGE_STANDARD = gnu11;
				GCC_NO_COMMON_BLOCKS = YES;
				GCC_WARN_64_TO_32_BIT_CONVERSION = YES;
				GCC_WARN_ABOUT_RETURN_TYPE = YES_ERROR;
				GCC_WARN_UNDECLARED_SELECTOR = YES;
				GCC_WARN_UNINITIALIZED_AUTOS = YES_AGGRESSIVE;
				GCC_WARN_UNUSED_FUNCTION = YES;
				GCC_WARN_UNUSED_VARIABLE = YES;
				IPHONEOS_DEPLOYMENT_TARGET = 15.0;
				MTL_ENABLE_DEBUG_INFO = NO;
				MTL_FAST_MATH = YES;
				SDKROOT = iphoneos;
				SWIFT_COMPILATION_MODE = wholemodule;
				SWIFT_OPTIMIZATION_LEVEL = "-O";
				VALIDATE_PRODUCT = YES;
			};
			name = Release;
		};
		6853AB0F274B3D49007ED148 /* Debug */ = {
			isa = XCBuildConfiguration;
			buildSettings = {
				ASSETCATALOG_COMPILER_APPICON_NAME = AppIcon;
				ASSETCATALOG_COMPILER_GLOBAL_ACCENT_COLOR_NAME = AccentColor;
				CODE_SIGN_STYLE = Automatic;
				CURRENT_PROJECT_VERSION = 1;
				DEVELOPMENT_TEAM = 4YMA7W8T46;
				GENERATE_INFOPLIST_FILE = YES;
				INFOPLIST_FILE = MyBookReportApp/Info.plist;
				INFOPLIST_KEY_UIApplicationSupportsIndirectInputEvents = YES;
				INFOPLIST_KEY_UILaunchStoryboardName = LaunchScreen;
				INFOPLIST_KEY_UIMainStoryboardFile = Main;
				INFOPLIST_KEY_UISupportedInterfaceOrientations_iPad = "UIInterfaceOrientationPortrait UIInterfaceOrientationPortraitUpsideDown UIInterfaceOrientationLandscapeLeft UIInterfaceOrientationLandscapeRight";
				INFOPLIST_KEY_UISupportedInterfaceOrientations_iPhone = "UIInterfaceOrientationPortrait UIInterfaceOrientationLandscapeLeft UIInterfaceOrientationLandscapeRight";
				LD_RUNPATH_SEARCH_PATHS = (
					"$(inherited)",
					"@executable_path/Frameworks",
				);
				MARKETING_VERSION = 1.0;
				PRODUCT_BUNDLE_IDENTIFIER = com.ssac.MyBookReportApp;
				PRODUCT_NAME = "$(TARGET_NAME)";
				SWIFT_EMIT_LOC_STRINGS = YES;
				SWIFT_VERSION = 5.0;
				TARGETED_DEVICE_FAMILY = "1,2";
			};
			name = Debug;
		};
		6853AB10274B3D49007ED148 /* Release */ = {
			isa = XCBuildConfiguration;
			buildSettings = {
				ASSETCATALOG_COMPILER_APPICON_NAME = AppIcon;
				ASSETCATALOG_COMPILER_GLOBAL_ACCENT_COLOR_NAME = AccentColor;
				CODE_SIGN_STYLE = Automatic;
				CURRENT_PROJECT_VERSION = 1;
				DEVELOPMENT_TEAM = 4YMA7W8T46;
				GENERATE_INFOPLIST_FILE = YES;
				INFOPLIST_FILE = MyBookReportApp/Info.plist;
				INFOPLIST_KEY_UIApplicationSupportsIndirectInputEvents = YES;
				INFOPLIST_KEY_UILaunchStoryboardName = LaunchScreen;
				INFOPLIST_KEY_UIMainStoryboardFile = Main;
				INFOPLIST_KEY_UISupportedInterfaceOrientations_iPad = "UIInterfaceOrientationPortrait UIInterfaceOrientationPortraitUpsideDown UIInterfaceOrientationLandscapeLeft UIInterfaceOrientationLandscapeRight";
				INFOPLIST_KEY_UISupportedInterfaceOrientations_iPhone = "UIInterfaceOrientationPortrait UIInterfaceOrientationLandscapeLeft UIInterfaceOrientationLandscapeRight";
				LD_RUNPATH_SEARCH_PATHS = (
					"$(inherited)",
					"@executable_path/Frameworks",
				);
				MARKETING_VERSION = 1.0;
				PRODUCT_BUNDLE_IDENTIFIER = com.ssac.MyBookReportApp;
				PRODUCT_NAME = "$(TARGET_NAME)";
				SWIFT_EMIT_LOC_STRINGS = YES;
				SWIFT_VERSION = 5.0;
				TARGETED_DEVICE_FAMILY = "1,2";
			};
			name = Release;
		};
/* End XCBuildConfiguration section */

/* Begin XCConfigurationList section */
		6853AAF5274B3D47007ED148 /* Build configuration list for PBXProject "MyBookReportApp" */ = {
			isa = XCConfigurationList;
			buildConfigurations = (
				6853AB0C274B3D49007ED148 /* Debug */,
				6853AB0D274B3D49007ED148 /* Release */,
			);
			defaultConfigurationIsVisible = 0;
			defaultConfigurationName = Release;
		};
		6853AB0E274B3D49007ED148 /* Build configuration list for PBXNativeTarget "MyBookReportApp" */ = {
			isa = XCConfigurationList;
			buildConfigurations = (
				6853AB0F274B3D49007ED148 /* Debug */,
				6853AB10274B3D49007ED148 /* Release */,
			);
			defaultConfigurationIsVisible = 0;
			defaultConfigurationName = Release;
		};
/* End XCConfigurationList section */

/* Begin XCRemoteSwiftPackageReference section */
		6853AB25274B4B2D007ED148 /* XCRemoteSwiftPackageReference "realm-cocoa" */ = {
			isa = XCRemoteSwiftPackageReference;
			repositoryURL = "https://github.com/realm/realm-cocoa.git";
			requirement = {
				kind = exactVersion;
				version = 10.18.0;
			};
		};
		6853AB30274B8F40007ED148 /* XCRemoteSwiftPackageReference "Alamofire" */ = {
			isa = XCRemoteSwiftPackageReference;
			repositoryURL = "https://github.com/Alamofire/Alamofire";
			requirement = {
				kind = upToNextMajorVersion;
				minimumVersion = 5.0.0;
			};
		};
		6853AB33274B8FD1007ED148 /* XCRemoteSwiftPackageReference "SwiftyJSON" */ = {
			isa = XCRemoteSwiftPackageReference;
			repositoryURL = "https://github.com/SwiftyJSON/SwiftyJSON";
			requirement = {
				kind = exactVersion;
				version = 5.0.0;
			};
		};
		6853AB34274B9019007ED148 /* XCRemoteSwiftPackageReference "Kingfisher" */ = {
			isa = XCRemoteSwiftPackageReference;
			repositoryURL = "https://github.com/onevcat/Kingfisher.git";
			requirement = {
				kind = upToNextMajorVersion;
				minimumVersion = 7.0.0;
			};
		};
/* End XCRemoteSwiftPackageReference section */

/* Begin XCSwiftPackageProductDependency section */
		6853AB26274B4B2D007ED148 /* Realm */ = {
			isa = XCSwiftPackageProductDependency;
			package = 6853AB25274B4B2D007ED148 /* XCRemoteSwiftPackageReference "realm-cocoa" */;
			productName = Realm;
		};
		6853AB28274B4B2D007ED148 /* RealmSwift */ = {
			isa = XCSwiftPackageProductDependency;
			package = 6853AB25274B4B2D007ED148 /* XCRemoteSwiftPackageReference "realm-cocoa" */;
			productName = RealmSwift;
		};
		6853AB31274B8F40007ED148 /* Alamofire */ = {
			isa = XCSwiftPackageProductDependency;
			package = 6853AB30274B8F40007ED148 /* XCRemoteSwiftPackageReference "Alamofire" */;
			productName = Alamofire;
		};
		6853AB35274B9019007ED148 /* Kingfisher */ = {
			isa = XCSwiftPackageProductDependency;
			package = 6853AB34274B9019007ED148 /* XCRemoteSwiftPackageReference "Kingfisher" */;
			productName = Kingfisher;
		};
/* End XCSwiftPackageProductDependency section */
	};
	rootObject = 6853AAF2274B3D47007ED148 /* Project object */;
}
